
Microsoft Visual Studio Solution File, Format Version 12.00
# Visual Studio 15
VisualStudioVersion = 15.0.28307.539
MinimumVisualStudioVersion = 10.0.40219.1
Project("{FAE04EC0-301F-11D3-BF4B-00C04F79EFBC}") = "simpleRPG", "simpleRPG\simpleRPG.csproj", "{B4D79BDF-CA73-4544-A505-F5D1942DE6A9}"
EndProject
Global
	GlobalSection(SolutionConfigurationPlatforms) = preSolution
		Debug|Any CPU = Debug|Any CPU
		Release|Any CPU = Release|Any CPU
	EndGlobalSection
	GlobalSection(ProjectConfigurationPlatforms) = postSolution
		{B4D79BDF-CA73-4544-A505-F5D1942DE6A9}.Debug|Any CPU.ActiveCfg = Debug|Any CPU
		{B4D79BDF-CA73-4544-A505-F5D1942DE6A9}.Debug|Any CPU.Build.0 = Debug|Any CPU
		{B4D79BDF-CA73-4544-A505-F5D1942DE6A9}.Release|Any CPU.ActiveCfg = Release|Any CPU
		{B4D79BDF-CA73-4544-A505-F5D1942DE6A9}.Release|Any CPU.Build.0 = Release|Any CPU
	EndGlobalSection
	GlobalSection(SolutionProperties) = preSolution
		HideSolutionNode = FALSE
	EndGlobalSection
	GlobalSection(ExtensibilityGlobals) = postSolution
		SolutionGuid = {9ED7179A-63E1-45E9-8565-C9AED8B89EE7}
	EndGlobalSection
EndGlobal
